
Microsoft Visual Studio Solution File, Format Version 12.00
# Visual Studio 14
VisualStudioVersion = 14.0.25420.1
MinimumVisualStudioVersion = 10.0.40219.1
Project("{FAE04EC0-301F-11D3-BF4B-00C04F79EFBC}") = "Cats.Android", "Cats\Cats.Android\Cats.Android.csproj", "{F3CFD993-118D-4032-AAD1-15AC204D8C0D}"
EndProject
Project("{FAE04EC0-301F-11D3-BF4B-00C04F79EFBC}") = "Cats", "Cats\Cats\Cats.csproj", "{F032D4EC-6A5F-41DE-BE65-FF5756EB5DC8}"
EndProject
Project("{FAE04EC0-301F-11D3-BF4B-00C04F79EFBC}") = "Cats.UWP", "Cats\Cats.UWP\Cats.UWP.csproj", "{02546F63-A252-438C-947D-87B9A4CF5A0E}"
EndProject
Project("{FAE04EC0-301F-11D3-BF4B-00C04F79EFBC}") = "Cats.iOS", "Cats\Cats.iOS\Cats.iOS.csproj", "{C249F2A8-12D2-4757-B4AA-A0AF88563CC1}"
EndProject
Global
	GlobalSection(SolutionConfigurationPlatforms) = preSolution
		Ad-Hoc|Any CPU = Ad-Hoc|Any CPU
		Ad-Hoc|ARM = Ad-Hoc|ARM
		Ad-Hoc|iPhone = Ad-Hoc|iPhone
		Ad-Hoc|iPhoneSimulator = Ad-Hoc|iPhoneSimulator
		Ad-Hoc|x64 = Ad-Hoc|x64
		Ad-Hoc|x86 = Ad-Hoc|x86
		AppStore|Any CPU = AppStore|Any CPU
		AppStore|ARM = AppStore|ARM
		AppStore|iPhone = AppStore|iPhone
		AppStore|iPhoneSimulator = AppStore|iPhoneSimulator
		AppStore|x64 = AppStore|x64
		AppStore|x86 = AppStore|x86
		Debug|Any CPU = Debug|Any CPU
		Debug|ARM = Debug|ARM
		Debug|iPhone = Debug|iPhone
		Debug|iPhoneSimulator = Debug|iPhoneSimulator
		Debug|x64 = Debug|x64
		Debug|x86 = Debug|x86
		Release|Any CPU = Release|Any CPU
		Release|ARM = Release|ARM
		Release|iPhone = Release|iPhone
		Release|iPhoneSimulator = Release|iPhoneSimulator
		Release|x64 = Release|x64
		Release|x86 = Release|x86
	EndGlobalSection
	GlobalSection(ProjectConfigurationPlatforms) = postSolution
		{F3CFD993-118D-4032-AAD1-15AC204D8C0D}.Ad-Hoc|Any CPU.ActiveCfg = Release|Any CPU
		{F3CFD993-118D-4032-AAD1-15AC204D8C0D}.Ad-Hoc|Any CPU.Build.0 = Release|Any CPU
		{F3CFD993-118D-4032-AAD1-15AC204D8C0D}.Ad-Hoc|Any CPU.Deploy.0 = Release|Any CPU
		{F3CFD993-118D-4032-AAD1-15AC204D8C0D}.Ad-Hoc|ARM.ActiveCfg = Release|Any CPU
		{F3CFD993-118D-4032-AAD1-15AC204D8C0D}.Ad-Hoc|ARM.Build.0 = Release|Any CPU
		{F3CFD993-118D-4032-AAD1-15AC204D8C0D}.Ad-Hoc|ARM.Deploy.0 = Release|Any CPU
		{F3CFD993-118D-4032-AAD1-15AC204D8C0D}.Ad-Hoc|iPhone.ActiveCfg = Release|Any CPU
		{F3CFD993-118D-4032-AAD1-15AC204D8C0D}.Ad-Hoc|iPhone.Build.0 = Release|Any CPU
		{F3CFD993-118D-4032-AAD1-15AC204D8C0D}.Ad-Hoc|iPhone.Deploy.0 = Release|Any CPU
		{F3CFD993-118D-4032-AAD1-15AC204D8C0D}.Ad-Hoc|iPhoneSimulator.ActiveCfg = Release|Any CPU
		{F3CFD993-118D-4032-AAD1-15AC204D8C0D}.Ad-Hoc|iPhoneSimulator.Build.0 = Release|Any CPU
		{F3CFD993-118D-4032-AAD1-15AC204D8C0D}.Ad-Hoc|iPhoneSimulator.Deploy.0 = Release|Any CPU
		{F3CFD993-118D-4032-AAD1-15AC204D8C0D}.Ad-Hoc|x64.ActiveCfg = Release|Any CPU
		{F3CFD993-118D-4032-AAD1-15AC204D8C0D}.Ad-Hoc|x64.Build.0 = Release|Any CPU
		{F3CFD993-118D-4032-AAD1-15AC204D8C0D}.Ad-Hoc|x64.Deploy.0 = Release|Any CPU
		{F3CFD993-118D-4032-AAD1-15AC204D8C0D}.Ad-Hoc|x86.ActiveCfg = Release|Any CPU
		{F3CFD993-118D-4032-AAD1-15AC204D8C0D}.Ad-Hoc|x86.Build.0 = Release|Any CPU
		{F3CFD993-118D-4032-AAD1-15AC204D8C0D}.Ad-Hoc|x86.Deploy.0 = Release|Any CPU
		{F3CFD993-118D-4032-AAD1-15AC204D8C0D}.AppStore|Any CPU.ActiveCfg = Release|Any CPU
		{F3CFD993-118D-4032-AAD1-15AC204D8C0D}.AppStore|Any CPU.Build.0 = Release|Any CPU
		{F3CFD993-118D-4032-AAD1-15AC204D8C0D}.AppStore|Any CPU.Deploy.0 = Release|Any CPU
		{F3CFD993-118D-4032-AAD1-15AC204D8C0D}.AppStore|ARM.ActiveCfg = Release|Any CPU
		{F3CFD993-118D-4032-AAD1-15AC204D8C0D}.AppStore|ARM.Build.0 = Release|Any CPU
		{F3CFD993-118D-4032-AAD1-15AC204D8C0D}.AppStore|ARM.Deploy.0 = Release|Any CPU
		{F3CFD993-118D-4032-AAD1-15AC204D8C0D}.AppStore|iPhone.ActiveCfg = Release|Any CPU
		{F3CFD993-118D-4032-AAD1-15AC204D8C0D}.AppStore|iPhone.Build.0 = Release|Any CPU
		{F3CFD993-118D-4032-AAD1-15AC204D8C0D}.AppStore|iPhone.Deploy.0 = Release|Any CPU
		{F3CFD993-118D-4032-AAD1-15AC204D8C0D}.AppStore|iPhoneSimulator.ActiveCfg = Release|Any CPU
		{F3CFD993-118D-4032-AAD1-15AC204D8C0D}.AppStore|iPhoneSimulator.Build.0 = Release|Any CPU
		{F3CFD993-118D-4032-AAD1-15AC204D8C0D}.AppStore|iPhoneSimulator.Deploy.0 = Release|Any CPU
		{F3CFD993-118D-4032-AAD1-15AC204D8C0D}.AppStore|x64.ActiveCfg = Release|Any CPU
		{F3CFD993-118D-4032-AAD1-15AC204D8C0D}.AppStore|x64.Build.0 = Release|Any CPU
		{F3CFD993-118D-4032-AAD1-15AC204D8C0D}.AppStore|x64.Deploy.0 = Release|Any CPU
		{F3CFD993-118D-4032-AAD1-15AC204D8C0D}.AppStore|x86.ActiveCfg = Release|Any CPU
		{F3CFD993-118D-4032-AAD1-15AC204D8C0D}.AppStore|x86.Build.0 = Release|Any CPU
		{F3CFD993-118D-4032-AAD1-15AC204D8C0D}.AppStore|x86.Deploy.0 = Release|Any CPU
		{F3CFD993-118D-4032-AAD1-15AC204D8C0D}.Debug|Any CPU.ActiveCfg = Debug|Any CPU
		{F3CFD993-118D-4032-AAD1-15AC204D8C0D}.Debug|Any CPU.Build.0 = Debug|Any CPU
		{F3CFD993-118D-4032-AAD1-15AC204D8C0D}.Debug|Any CPU.Deploy.0 = Debug|Any CPU
		{F3CFD993-118D-4032-AAD1-15AC204D8C0D}.Debug|ARM.ActiveCfg = Debug|Any CPU
		{F3CFD993-118D-4032-AAD1-15AC204D8C0D}.Debug|ARM.Build.0 = Debug|Any CPU
		{F3CFD993-118D-4032-AAD1-15AC204D8C0D}.Debug|ARM.Deploy.0 = Debug|Any CPU
		{F3CFD993-118D-4032-AAD1-15AC204D8C0D}.Debug|iPhone.ActiveCfg = Debug|Any CPU
		{F3CFD993-118D-4032-AAD1-15AC204D8C0D}.Debug|iPhone.Build.0 = Debug|Any CPU
		{F3CFD993-118D-4032-AAD1-15AC204D8C0D}.Debug|iPhone.Deploy.0 = Debug|Any CPU
		{F3CFD993-118D-4032-AAD1-15AC204D8C0D}.Debug|iPhoneSimulator.ActiveCfg = Debug|Any CPU
		{F3CFD993-118D-4032-AAD1-15AC204D8C0D}.Debug|iPhoneSimulator.Build.0 = Debug|Any CPU
		{F3CFD993-118D-4032-AAD1-15AC204D8C0D}.Debug|iPhoneSimulator.Deploy.0 = Debug|Any CPU
		{F3CFD993-118D-4032-AAD1-15AC204D8C0D}.Debug|x64.ActiveCfg = Debug|Any CPU
		{F3CFD993-118D-4032-AAD1-15AC204D8C0D}.Debug|x64.Build.0 = Debug|Any CPU
		{F3CFD993-118D-4032-AAD1-15AC204D8C0D}.Debug|x64.Deploy.0 = Debug|Any CPU
		{F3CFD993-118D-4032-AAD1-15AC204D8C0D}.Debug|x86.ActiveCfg = Debug|Any CPU
		{F3CFD993-118D-4032-AAD1-15AC204D8C0D}.Debug|x86.Build.0 = Debug|Any CPU
		{F3CFD993-118D-4032-AAD1-15AC204D8C0D}.Debug|x86.Deploy.0 = Debug|Any CPU
		{F3CFD993-118D-4032-AAD1-15AC204D8C0D}.Release|Any CPU.ActiveCfg = Release|Any CPU
		{F3CFD993-118D-4032-AAD1-15AC204D8C0D}.Release|Any CPU.Build.0 = Release|Any CPU
		{F3CFD993-118D-4032-AAD1-15AC204D8C0D}.Release|Any CPU.Deploy.0 = Release|Any CPU
		{F3CFD993-118D-4032-AAD1-15AC204D8C0D}.Release|ARM.ActiveCfg = Release|Any CPU
		{F3CFD993-118D-4032-AAD1-15AC204D8C0D}.Release|ARM.Build.0 = Release|Any CPU
		{F3CFD993-118D-4032-AAD1-15AC204D8C0D}.Release|ARM.Deploy.0 = Release|Any CPU
		{F3CFD993-118D-4032-AAD1-15AC204D8C0D}.Release|iPhone.ActiveCfg = Release|Any CPU
		{F3CFD993-118D-4032-AAD1-15AC204D8C0D}.Release|iPhone.Build.0 = Release|Any CPU
		{F3CFD993-118D-4032-AAD1-15AC204D8C0D}.Release|iPhone.Deploy.0 = Release|Any CPU
		{F3CFD993-118D-4032-AAD1-15AC204D8C0D}.Release|iPhoneSimulator.ActiveCfg = Release|Any CPU
		{F3CFD993-118D-4032-AAD1-15AC204D8C0D}.Release|iPhoneSimulator.Build.0 = Release|Any CPU
		{F3CFD993-118D-4032-AAD1-15AC204D8C0D}.Release|iPhoneSimulator.Deploy.0 = Release|Any CPU
		{F3CFD993-118D-4032-AAD1-15AC204D8C0D}.Release|x64.ActiveCfg = Release|Any CPU
		{F3CFD993-118D-4032-AAD1-15AC204D8C0D}.Release|x64.Build.0 = Release|Any CPU
		{F3CFD993-118D-4032-AAD1-15AC204D8C0D}.Release|x64.Deploy.0 = Release|Any CPU
		{F3CFD993-118D-4032-AAD1-15AC204D8C0D}.Release|x86.ActiveCfg = Release|Any CPU
		{F3CFD993-118D-4032-AAD1-15AC204D8C0D}.Release|x86.Build.0 = Release|Any CPU
		{F3CFD993-118D-4032-AAD1-15AC204D8C0D}.Release|x86.Deploy.0 = Release|Any CPU
		{F032D4EC-6A5F-41DE-BE65-FF5756EB5DC8}.Ad-Hoc|Any CPU.ActiveCfg = Release|Any CPU
		{F032D4EC-6A5F-41DE-BE65-FF5756EB5DC8}.Ad-Hoc|Any CPU.Build.0 = Release|Any CPU
		{F032D4EC-6A5F-41DE-BE65-FF5756EB5DC8}.Ad-Hoc|ARM.ActiveCfg = Release|Any CPU
		{F032D4EC-6A5F-41DE-BE65-FF5756EB5DC8}.Ad-Hoc|ARM.Build.0 = Release|Any CPU
		{F032D4EC-6A5F-41DE-BE65-FF5756EB5DC8}.Ad-Hoc|iPhone.ActiveCfg = Release|Any CPU
		{F032D4EC-6A5F-41DE-BE65-FF5756EB5DC8}.Ad-Hoc|iPhone.Build.0 = Release|Any CPU
		{F032D4EC-6A5F-41DE-BE65-FF5756EB5DC8}.Ad-Hoc|iPhoneSimulator.ActiveCfg = Release|Any CPU
		{F032D4EC-6A5F-41DE-BE65-FF5756EB5DC8}.Ad-Hoc|iPhoneSimulator.Build.0 = Release|Any CPU
		{F032D4EC-6A5F-41DE-BE65-FF5756EB5DC8}.Ad-Hoc|x64.ActiveCfg = Release|Any CPU
		{F032D4EC-6A5F-41DE-BE65-FF5756EB5DC8}.Ad-Hoc|x64.Build.0 = Release|Any CPU
		{F032D4EC-6A5F-41DE-BE65-FF5756EB5DC8}.Ad-Hoc|x86.ActiveCfg = Release|Any CPU
		{F032D4EC-6A5F-41DE-BE65-FF5756EB5DC8}.Ad-Hoc|x86.Build.0 = Release|Any CPU
		{F032D4EC-6A5F-41DE-BE65-FF5756EB5DC8}.AppStore|Any CPU.ActiveCfg = Release|Any CPU
		{F032D4EC-6A5F-41DE-BE65-FF5756EB5DC8}.AppStore|Any CPU.Build.0 = Release|Any CPU
		{F032D4EC-6A5F-41DE-BE65-FF5756EB5DC8}.AppStore|ARM.ActiveCfg = Release|Any CPU
		{F032D4EC-6A5F-41DE-BE65-FF5756EB5DC8}.AppStore|ARM.Build.0 = Release|Any CPU
		{F032D4EC-6A5F-41DE-BE65-FF5756EB5DC8}.AppStore|iPhone.ActiveCfg = Release|Any CPU
		{F032D4EC-6A5F-41DE-BE65-FF5756EB5DC8}.AppStore|iPhone.Build.0 = Release|Any CPU
		{F032D4EC-6A5F-41DE-BE65-FF5756EB5DC8}.AppStore|iPhoneSimulator.ActiveCfg = Release|Any CPU
		{F032D4EC-6A5F-41DE-BE65-FF5756EB5DC8}.AppStore|iPhoneSimulator.Build.0 = Release|Any CPU
		{F032D4EC-6A5F-41DE-BE65-FF5756EB5DC8}.AppStore|x64.ActiveCfg = Release|Any CPU
		{F032D4EC-6A5F-41DE-BE65-FF5756EB5DC8}.AppStore|x64.Build.0 = Release|Any CPU
		{F032D4EC-6A5F-41DE-BE65-FF5756EB5DC8}.AppStore|x86.ActiveCfg = Release|Any CPU
		{F032D4EC-6A5F-41DE-BE65-FF5756EB5DC8}.AppStore|x86.Build.0 = Release|Any CPU
		{F032D4EC-6A5F-41DE-BE65-FF5756EB5DC8}.Debug|Any CPU.ActiveCfg = Debug|Any CPU
		{F032D4EC-6A5F-41DE-BE65-FF5756EB5DC8}.Debug|Any CPU.Build.0 = Debug|Any CPU
		{F032D4EC-6A5F-41DE-BE65-FF5756EB5DC8}.Debug|ARM.ActiveCfg = Debug|Any CPU
		{F032D4EC-6A5F-41DE-BE65-FF5756EB5DC8}.Debug|ARM.Build.0 = Debug|Any CPU
		{F032D4EC-6A5F-41DE-BE65-FF5756EB5DC8}.Debug|iPhone.ActiveCfg = Debug|Any CPU
		{F032D4EC-6A5F-41DE-BE65-FF5756EB5DC8}.Debug|iPhone.Build.0 = Debug|Any CPU
		{F032D4EC-6A5F-41DE-BE65-FF5756EB5DC8}.Debug|iPhoneSimulator.ActiveCfg = Debug|Any CPU
		{F032D4EC-6A5F-41DE-BE65-FF5756EB5DC8}.Debug|iPhoneSimulator.Build.0 = Debug|Any CPU
		{F032D4EC-6A5F-41DE-BE65-FF5756EB5DC8}.Debug|x64.ActiveCfg = Debug|Any CPU
		{F032D4EC-6A5F-41DE-BE65-FF5756EB5DC8}.Debug|x64.Build.0 = Debug|Any CPU
		{F032D4EC-6A5F-41DE-BE65-FF5756EB5DC8}.Debug|x86.ActiveCfg = Debug|Any CPU
		{F032D4EC-6A5F-41DE-BE65-FF5756EB5DC8}.Debug|x86.Build.0 = Debug|Any CPU
		{F032D4EC-6A5F-41DE-BE65-FF5756EB5DC8}.Release|Any CPU.ActiveCfg = Release|Any CPU
		{F032D4EC-6A5F-41DE-BE65-FF5756EB5DC8}.Release|Any CPU.Build.0 = Release|Any CPU
		{F032D4EC-6A5F-41DE-BE65-FF5756EB5DC8}.Release|ARM.ActiveCfg = Release|Any CPU
		{F032D4EC-6A5F-41DE-BE65-FF5756EB5DC8}.Release|ARM.Build.0 = Release|Any CPU
		{F032D4EC-6A5F-41DE-BE65-FF5756EB5DC8}.Release|iPhone.ActiveCfg = Release|Any CPU
		{F032D4EC-6A5F-41DE-BE65-FF5756EB5DC8}.Release|iPhone.Build.0 = Release|Any CPU
		{F032D4EC-6A5F-41DE-BE65-FF5756EB5DC8}.Release|iPhoneSimulator.ActiveCfg = Release|Any CPU
		{F032D4EC-6A5F-41DE-BE65-FF5756EB5DC8}.Release|iPhoneSimulator.Build.0 = Release|Any CPU
		{F032D4EC-6A5F-41DE-BE65-FF5756EB5DC8}.Release|x64.ActiveCfg = Release|Any CPU
		{F032D4EC-6A5F-41DE-BE65-FF5756EB5DC8}.Release|x64.Build.0 = Release|Any CPU
		{F032D4EC-6A5F-41DE-BE65-FF5756EB5DC8}.Release|x86.ActiveCfg = Release|Any CPU
		{F032D4EC-6A5F-41DE-BE65-FF5756EB5DC8}.Release|x86.Build.0 = Release|Any CPU
		{02546F63-A252-438C-947D-87B9A4CF5A0E}.Ad-Hoc|Any CPU.ActiveCfg = Release|x86
		{02546F63-A252-438C-947D-87B9A4CF5A0E}.Ad-Hoc|Any CPU.Build.0 = Release|x86
		{02546F63-A252-438C-947D-87B9A4CF5A0E}.Ad-Hoc|Any CPU.Deploy.0 = Release|x86
		{02546F63-A252-438C-947D-87B9A4CF5A0E}.Ad-Hoc|ARM.ActiveCfg = Release|ARM
		{02546F63-A252-438C-947D-87B9A4CF5A0E}.Ad-Hoc|ARM.Build.0 = Release|ARM
		{02546F63-A252-438C-947D-87B9A4CF5A0E}.Ad-Hoc|ARM.Deploy.0 = Release|ARM
		{02546F63-A252-438C-947D-87B9A4CF5A0E}.Ad-Hoc|iPhone.ActiveCfg = Release|x86
		{02546F63-A252-438C-947D-87B9A4CF5A0E}.Ad-Hoc|iPhone.Build.0 = Release|x86
		{02546F63-A252-438C-947D-87B9A4CF5A0E}.Ad-Hoc|iPhone.Deploy.0 = Release|x86
		{02546F63-A252-438C-947D-87B9A4CF5A0E}.Ad-Hoc|iPhoneSimulator.ActiveCfg = Release|x86
		{02546F63-A252-438C-947D-87B9A4CF5A0E}.Ad-Hoc|iPhoneSimulator.Build.0 = Release|x86
		{02546F63-A252-438C-947D-87B9A4CF5A0E}.Ad-Hoc|iPhoneSimulator.Deploy.0 = Release|x86
		{02546F63-A252-438C-947D-87B9A4CF5A0E}.Ad-Hoc|x64.ActiveCfg = Release|x64
		{02546F63-A252-438C-947D-87B9A4CF5A0E}.Ad-Hoc|x64.Build.0 = Release|x64
		{02546F63-A252-438C-947D-87B9A4CF5A0E}.Ad-Hoc|x64.Deploy.0 = Release|x64
		{02546F63-A252-438C-947D-87B9A4CF5A0E}.Ad-Hoc|x86.ActiveCfg = Release|x86
		{02546F63-A252-438C-947D-87B9A4CF5A0E}.Ad-Hoc|x86.Build.0 = Release|x86
		{02546F63-A252-438C-947D-87B9A4CF5A0E}.Ad-Hoc|x86.Deploy.0 = Release|x86
		{02546F63-A252-438C-947D-87B9A4CF5A0E}.AppStore|Any CPU.ActiveCfg = Release|x86
		{02546F63-A252-438C-947D-87B9A4CF5A0E}.AppStore|Any CPU.Build.0 = Release|x86
		{02546F63-A252-438C-947D-87B9A4CF5A0E}.AppStore|Any CPU.Deploy.0 = Release|x86
		{02546F63-A252-438C-947D-87B9A4CF5A0E}.AppStore|ARM.ActiveCfg = Release|ARM
		{02546F63-A252-438C-947D-87B9A4CF5A0E}.AppStore|ARM.Build.0 = Release|ARM
		{02546F63-A252-438C-947D-87B9A4CF5A0E}.AppStore|ARM.Deploy.0 = Release|ARM
		{02546F63-A252-438C-947D-87B9A4CF5A0E}.AppStore|iPhone.ActiveCfg = Release|x86
		{02546F63-A252-438C-947D-87B9A4CF5A0E}.AppStore|iPhone.Build.0 = Release|x86
		{02546F63-A252-438C-947D-87B9A4CF5A0E}.AppStore|iPhone.Deploy.0 = Release|x86
		{02546F63-A252-438C-947D-87B9A4CF5A0E}.AppStore|iPhoneSimulator.ActiveCfg = Release|x86
		{02546F63-A252-438C-947D-87B9A4CF5A0E}.AppStore|iPhoneSimulator.Build.0 = Release|x86
		{02546F63-A252-438C-947D-87B9A4CF5A0E}.AppStore|iPhoneSimulator.Deploy.0 = Release|x86
		{02546F63-A252-438C-947D-87B9A4CF5A0E}.AppStore|x64.ActiveCfg = Release|x64
		{02546F63-A252-438C-947D-87B9A4CF5A0E}.AppStore|x64.Build.0 = Release|x64
		{02546F63-A252-438C-947D-87B9A4CF5A0E}.AppStore|x64.Deploy.0 = Release|x64
		{02546F63-A252-438C-947D-87B9A4CF5A0E}.AppStore|x86.ActiveCfg = Release|x86
		{02546F63-A252-438C-947D-87B9A4CF5A0E}.AppStore|x86.Build.0 = Release|x86
		{02546F63-A252-438C-947D-87B9A4CF5A0E}.AppStore|x86.Deploy.0 = Release|x86
		{02546F63-A252-438C-947D-87B9A4CF5A0E}.Debug|Any CPU.ActiveCfg = Debug|x86
		{02546F63-A252-438C-947D-87B9A4CF5A0E}.Debug|ARM.ActiveCfg = Debug|ARM
		{02546F63-A252-438C-947D-87B9A4CF5A0E}.Debug|ARM.Build.0 = Debug|ARM
		{02546F63-A252-438C-947D-87B9A4CF5A0E}.Debug|ARM.Deploy.0 = Debug|ARM
		{02546F63-A252-438C-947D-87B9A4CF5A0E}.Debug|iPhone.ActiveCfg = Debug|x86
		{02546F63-A252-438C-947D-87B9A4CF5A0E}.Debug|iPhoneSimulator.ActiveCfg = Debug|x86
		{02546F63-A252-438C-947D-87B9A4CF5A0E}.Debug|x64.ActiveCfg = Debug|x64
		{02546F63-A252-438C-947D-87B9A4CF5A0E}.Debug|x64.Build.0 = Debug|x64
		{02546F63-A252-438C-947D-87B9A4CF5A0E}.Debug|x64.Deploy.0 = Debug|x64
		{02546F63-A252-438C-947D-87B9A4CF5A0E}.Debug|x86.ActiveCfg = Debug|x86
		{02546F63-A252-438C-947D-87B9A4CF5A0E}.Debug|x86.Build.0 = Debug|x86
		{02546F63-A252-438C-947D-87B9A4CF5A0E}.Debug|x86.Deploy.0 = Debug|x86
		{02546F63-A252-438C-947D-87B9A4CF5A0E}.Release|Any CPU.ActiveCfg = Release|x86
		{02546F63-A252-438C-947D-87B9A4CF5A0E}.Release|ARM.ActiveCfg = Release|ARM
		{02546F63-A252-438C-947D-87B9A4CF5A0E}.Release|ARM.Build.0 = Release|ARM
		{02546F63-A252-438C-947D-87B9A4CF5A0E}.Release|ARM.Deploy.0 = Release|ARM
		{02546F63-A252-438C-947D-87B9A4CF5A0E}.Release|iPhone.ActiveCfg = Release|x86
		{02546F63-A252-438C-947D-87B9A4CF5A0E}.Release|iPhoneSimulator.ActiveCfg = Release|x86
		{02546F63-A252-438C-947D-87B9A4CF5A0E}.Release|x64.ActiveCfg = Release|x64
		{02546F63-A252-438C-947D-87B9A4CF5A0E}.Release|x64.Build.0 = Release|x64
		{02546F63-A252-438C-947D-87B9A4CF5A0E}.Release|x64.Deploy.0 = Release|x64
		{02546F63-A252-438C-947D-87B9A4CF5A0E}.Release|x86.ActiveCfg = Release|x86
		{02546F63-A252-438C-947D-87B9A4CF5A0E}.Release|x86.Build.0 = Release|x86
		{02546F63-A252-438C-947D-87B9A4CF5A0E}.Release|x86.Deploy.0 = Release|x86
		{C249F2A8-12D2-4757-B4AA-A0AF88563CC1}.Ad-Hoc|Any CPU.ActiveCfg = Ad-Hoc|iPhone
		{C249F2A8-12D2-4757-B4AA-A0AF88563CC1}.Ad-Hoc|ARM.ActiveCfg = Ad-Hoc|iPhone
		{C249F2A8-12D2-4757-B4AA-A0AF88563CC1}.Ad-Hoc|iPhone.ActiveCfg = Ad-Hoc|iPhone
		{C249F2A8-12D2-4757-B4AA-A0AF88563CC1}.Ad-Hoc|iPhone.Build.0 = Ad-Hoc|iPhone
		{C249F2A8-12D2-4757-B4AA-A0AF88563CC1}.Ad-Hoc|iPhoneSimulator.ActiveCfg = Ad-Hoc|iPhoneSimulator
		{C249F2A8-12D2-4757-B4AA-A0AF88563CC1}.Ad-Hoc|iPhoneSimulator.Build.0 = Ad-Hoc|iPhoneSimulator
		{C249F2A8-12D2-4757-B4AA-A0AF88563CC1}.Ad-Hoc|x64.ActiveCfg = Ad-Hoc|iPhone
		{C249F2A8-12D2-4757-B4AA-A0AF88563CC1}.Ad-Hoc|x86.ActiveCfg = Ad-Hoc|iPhone
		{C249F2A8-12D2-4757-B4AA-A0AF88563CC1}.AppStore|Any CPU.ActiveCfg = AppStore|iPhone
		{C249F2A8-12D2-4757-B4AA-A0AF88563CC1}.AppStore|ARM.ActiveCfg = AppStore|iPhone
		{C249F2A8-12D2-4757-B4AA-A0AF88563CC1}.AppStore|iPhone.ActiveCfg = AppStore|iPhone
		{C249F2A8-12D2-4757-B4AA-A0AF88563CC1}.AppStore|iPhone.Build.0 = AppStore|iPhone
		{C249F2A8-12D2-4757-B4AA-A0AF88563CC1}.AppStore|iPhoneSimulator.ActiveCfg = AppStore|iPhoneSimulator
		{C249F2A8-12D2-4757-B4AA-A0AF88563CC1}.AppStore|iPhoneSimulator.Build.0 = AppStore|iPhoneSimulator
		{C249F2A8-12D2-4757-B4AA-A0AF88563CC1}.AppStore|x64.ActiveCfg = AppStore|iPhone
		{C249F2A8-12D2-4757-B4AA-A0AF88563CC1}.AppStore|x86.ActiveCfg = AppStore|iPhone
		{C249F2A8-12D2-4757-B4AA-A0AF88563CC1}.Debug|Any CPU.ActiveCfg = Debug|iPhone
		{C249F2A8-12D2-4757-B4AA-A0AF88563CC1}.Debug|ARM.ActiveCfg = Debug|iPhone
		{C249F2A8-12D2-4757-B4AA-A0AF88563CC1}.Debug|iPhone.ActiveCfg = Debug|iPhone
		{C249F2A8-12D2-4757-B4AA-A0AF88563CC1}.Debug|iPhone.Build.0 = Debug|iPhone
		{C249F2A8-12D2-4757-B4AA-A0AF88563CC1}.Debug|iPhoneSimulator.ActiveCfg = Debug|iPhoneSimulator
		{C249F2A8-12D2-4757-B4AA-A0AF88563CC1}.Debug|iPhoneSimulator.Build.0 = Debug|iPhoneSimulator
		{C249F2A8-12D2-4757-B4AA-A0AF88563CC1}.Debug|x64.ActiveCfg = Debug|iPhone
		{C249F2A8-12D2-4757-B4AA-A0AF88563CC1}.Debug|x86.ActiveCfg = Debug|iPhone
		{C249F2A8-12D2-4757-B4AA-A0AF88563CC1}.Release|Any CPU.ActiveCfg = Release|iPhone
		{C249F2A8-12D2-4757-B4AA-A0AF88563CC1}.Release|ARM.ActiveCfg = Release|iPhone
		{C249F2A8-12D2-4757-B4AA-A0AF88563CC1}.Release|iPhone.ActiveCfg = Release|iPhone
		{C249F2A8-12D2-4757-B4AA-A0AF88563CC1}.Release|iPhone.Build.0 = Release|iPhone
		{C249F2A8-12D2-4757-B4AA-A0AF88563CC1}.Release|iPhoneSimulator.ActiveCfg = Release|iPhoneSimulator
		{C249F2A8-12D2-4757-B4AA-A0AF88563CC1}.Release|iPhoneSimulator.Build.0 = Release|iPhoneSimulator
		{C249F2A8-12D2-4757-B4AA-A0AF88563CC1}.Release|x64.ActiveCfg = Release|iPhone
		{C249F2A8-12D2-4757-B4AA-A0AF88563CC1}.Release|x86.ActiveCfg = Release|iPhone
	EndGlobalSection
	GlobalSection(SolutionProperties) = preSolution
		HideSolutionNode = FALSE
	EndGlobalSection
EndGlobal
