
Microsoft Visual Studio Solution File, Format Version 12.00
# Visual Studio 14
VisualStudioVersion = 14.0.25420.1
MinimumVisualStudioVersion = 10.0.40219.1
Project("{FAE04EC0-301F-11D3-BF4B-00C04F79EFBC}") = "Modulo1", "Modulo1\Modulo1\Modulo1.csproj", "{DDE28B1C-C684-4CBF-A4EC-D6A2C99ACF6F}"
EndProject
Project("{FAE04EC0-301F-11D3-BF4B-00C04F79EFBC}") = "Modulo1.Droid", "Modulo1\Modulo1.Droid\Modulo1.Droid.csproj", "{6D9D3D54-4043-49F2-BFB8-5E8169A1575F}"
EndProject
Project("{FAE04EC0-301F-11D3-BF4B-00C04F79EFBC}") = "Modulo1.iOS", "Modulo1\Modulo1.iOS\Modulo1.iOS.csproj", "{FD61FEFE-C8B3-4F4F-ACBF-DD8F5E303A4A}"
EndProject
Project("{FAE04EC0-301F-11D3-BF4B-00C04F79EFBC}") = "Modulo1.UWP", "Modulo1\Modulo1.UWP\Modulo1.UWP.csproj", "{A5C67F81-08A0-4129-B15C-9AF82C1E2AD0}"
EndProject
Global
	GlobalSection(SolutionConfigurationPlatforms) = preSolution
		Ad-Hoc|Any CPU = Ad-Hoc|Any CPU
		Ad-Hoc|ARM = Ad-Hoc|ARM
		Ad-Hoc|iPhone = Ad-Hoc|iPhone
		Ad-Hoc|iPhoneSimulator = Ad-Hoc|iPhoneSimulator
		Ad-Hoc|x64 = Ad-Hoc|x64
		Ad-Hoc|x86 = Ad-Hoc|x86
		AppStore|Any CPU = AppStore|Any CPU
		AppStore|ARM = AppStore|ARM
		AppStore|iPhone = AppStore|iPhone
		AppStore|iPhoneSimulator = AppStore|iPhoneSimulator
		AppStore|x64 = AppStore|x64
		AppStore|x86 = AppStore|x86
		Debug|Any CPU = Debug|Any CPU
		Debug|ARM = Debug|ARM
		Debug|iPhone = Debug|iPhone
		Debug|iPhoneSimulator = Debug|iPhoneSimulator
		Debug|x64 = Debug|x64
		Debug|x86 = Debug|x86
		Release|Any CPU = Release|Any CPU
		Release|ARM = Release|ARM
		Release|iPhone = Release|iPhone
		Release|iPhoneSimulator = Release|iPhoneSimulator
		Release|x64 = Release|x64
		Release|x86 = Release|x86
	EndGlobalSection
	GlobalSection(ProjectConfigurationPlatforms) = postSolution
		{DDE28B1C-C684-4CBF-A4EC-D6A2C99ACF6F}.Ad-Hoc|Any CPU.ActiveCfg = Release|Any CPU
		{DDE28B1C-C684-4CBF-A4EC-D6A2C99ACF6F}.Ad-Hoc|Any CPU.Build.0 = Release|Any CPU
		{DDE28B1C-C684-4CBF-A4EC-D6A2C99ACF6F}.Ad-Hoc|ARM.ActiveCfg = Release|Any CPU
		{DDE28B1C-C684-4CBF-A4EC-D6A2C99ACF6F}.Ad-Hoc|ARM.Build.0 = Release|Any CPU
		{DDE28B1C-C684-4CBF-A4EC-D6A2C99ACF6F}.Ad-Hoc|iPhone.ActiveCfg = Release|Any CPU
		{DDE28B1C-C684-4CBF-A4EC-D6A2C99ACF6F}.Ad-Hoc|iPhone.Build.0 = Release|Any CPU
		{DDE28B1C-C684-4CBF-A4EC-D6A2C99ACF6F}.Ad-Hoc|iPhoneSimulator.ActiveCfg = Release|Any CPU
		{DDE28B1C-C684-4CBF-A4EC-D6A2C99ACF6F}.Ad-Hoc|iPhoneSimulator.Build.0 = Release|Any CPU
		{DDE28B1C-C684-4CBF-A4EC-D6A2C99ACF6F}.Ad-Hoc|x64.ActiveCfg = Release|Any CPU
		{DDE28B1C-C684-4CBF-A4EC-D6A2C99ACF6F}.Ad-Hoc|x64.Build.0 = Release|Any CPU
		{DDE28B1C-C684-4CBF-A4EC-D6A2C99ACF6F}.Ad-Hoc|x86.ActiveCfg = Release|Any CPU
		{DDE28B1C-C684-4CBF-A4EC-D6A2C99ACF6F}.Ad-Hoc|x86.Build.0 = Release|Any CPU
		{DDE28B1C-C684-4CBF-A4EC-D6A2C99ACF6F}.AppStore|Any CPU.ActiveCfg = Release|Any CPU
		{DDE28B1C-C684-4CBF-A4EC-D6A2C99ACF6F}.AppStore|Any CPU.Build.0 = Release|Any CPU
		{DDE28B1C-C684-4CBF-A4EC-D6A2C99ACF6F}.AppStore|ARM.ActiveCfg = Release|Any CPU
		{DDE28B1C-C684-4CBF-A4EC-D6A2C99ACF6F}.AppStore|ARM.Build.0 = Release|Any CPU
		{DDE28B1C-C684-4CBF-A4EC-D6A2C99ACF6F}.AppStore|iPhone.ActiveCfg = Release|Any CPU
		{DDE28B1C-C684-4CBF-A4EC-D6A2C99ACF6F}.AppStore|iPhone.Build.0 = Release|Any CPU
		{DDE28B1C-C684-4CBF-A4EC-D6A2C99ACF6F}.AppStore|iPhoneSimulator.ActiveCfg = Release|Any CPU
		{DDE28B1C-C684-4CBF-A4EC-D6A2C99ACF6F}.AppStore|iPhoneSimulator.Build.0 = Release|Any CPU
		{DDE28B1C-C684-4CBF-A4EC-D6A2C99ACF6F}.AppStore|x64.ActiveCfg = Release|Any CPU
		{DDE28B1C-C684-4CBF-A4EC-D6A2C99ACF6F}.AppStore|x64.Build.0 = Release|Any CPU
		{DDE28B1C-C684-4CBF-A4EC-D6A2C99ACF6F}.AppStore|x86.ActiveCfg = Release|Any CPU
		{DDE28B1C-C684-4CBF-A4EC-D6A2C99ACF6F}.AppStore|x86.Build.0 = Release|Any CPU
		{DDE28B1C-C684-4CBF-A4EC-D6A2C99ACF6F}.Debug|Any CPU.ActiveCfg = Debug|Any CPU
		{DDE28B1C-C684-4CBF-A4EC-D6A2C99ACF6F}.Debug|Any CPU.Build.0 = Debug|Any CPU
		{DDE28B1C-C684-4CBF-A4EC-D6A2C99ACF6F}.Debug|ARM.ActiveCfg = Debug|Any CPU
		{DDE28B1C-C684-4CBF-A4EC-D6A2C99ACF6F}.Debug|ARM.Build.0 = Debug|Any CPU
		{DDE28B1C-C684-4CBF-A4EC-D6A2C99ACF6F}.Debug|iPhone.ActiveCfg = Debug|Any CPU
		{DDE28B1C-C684-4CBF-A4EC-D6A2C99ACF6F}.Debug|iPhone.Build.0 = Debug|Any CPU
		{DDE28B1C-C684-4CBF-A4EC-D6A2C99ACF6F}.Debug|iPhoneSimulator.ActiveCfg = Debug|Any CPU
		{DDE28B1C-C684-4CBF-A4EC-D6A2C99ACF6F}.Debug|iPhoneSimulator.Build.0 = Debug|Any CPU
		{DDE28B1C-C684-4CBF-A4EC-D6A2C99ACF6F}.Debug|x64.ActiveCfg = Debug|Any CPU
		{DDE28B1C-C684-4CBF-A4EC-D6A2C99ACF6F}.Debug|x64.Build.0 = Debug|Any CPU
		{DDE28B1C-C684-4CBF-A4EC-D6A2C99ACF6F}.Debug|x86.ActiveCfg = Debug|Any CPU
		{DDE28B1C-C684-4CBF-A4EC-D6A2C99ACF6F}.Debug|x86.Build.0 = Debug|Any CPU
		{DDE28B1C-C684-4CBF-A4EC-D6A2C99ACF6F}.Release|Any CPU.ActiveCfg = Release|Any CPU
		{DDE28B1C-C684-4CBF-A4EC-D6A2C99ACF6F}.Release|Any CPU.Build.0 = Release|Any CPU
		{DDE28B1C-C684-4CBF-A4EC-D6A2C99ACF6F}.Release|ARM.ActiveCfg = Release|Any CPU
		{DDE28B1C-C684-4CBF-A4EC-D6A2C99ACF6F}.Release|ARM.Build.0 = Release|Any CPU
		{DDE28B1C-C684-4CBF-A4EC-D6A2C99ACF6F}.Release|iPhone.ActiveCfg = Release|Any CPU
		{DDE28B1C-C684-4CBF-A4EC-D6A2C99ACF6F}.Release|iPhone.Build.0 = Release|Any CPU
		{DDE28B1C-C684-4CBF-A4EC-D6A2C99ACF6F}.Release|iPhoneSimulator.ActiveCfg = Release|Any CPU
		{DDE28B1C-C684-4CBF-A4EC-D6A2C99ACF6F}.Release|iPhoneSimulator.Build.0 = Release|Any CPU
		{DDE28B1C-C684-4CBF-A4EC-D6A2C99ACF6F}.Release|x64.ActiveCfg = Release|Any CPU
		{DDE28B1C-C684-4CBF-A4EC-D6A2C99ACF6F}.Release|x64.Build.0 = Release|Any CPU
		{DDE28B1C-C684-4CBF-A4EC-D6A2C99ACF6F}.Release|x86.ActiveCfg = Release|Any CPU
		{DDE28B1C-C684-4CBF-A4EC-D6A2C99ACF6F}.Release|x86.Build.0 = Release|Any CPU
		{6D9D3D54-4043-49F2-BFB8-5E8169A1575F}.Ad-Hoc|Any CPU.ActiveCfg = Release|Any CPU
		{6D9D3D54-4043-49F2-BFB8-5E8169A1575F}.Ad-Hoc|Any CPU.Build.0 = Release|Any CPU
		{6D9D3D54-4043-49F2-BFB8-5E8169A1575F}.Ad-Hoc|Any CPU.Deploy.0 = Release|Any CPU
		{6D9D3D54-4043-49F2-BFB8-5E8169A1575F}.Ad-Hoc|ARM.ActiveCfg = Release|Any CPU
		{6D9D3D54-4043-49F2-BFB8-5E8169A1575F}.Ad-Hoc|ARM.Build.0 = Release|Any CPU
		{6D9D3D54-4043-49F2-BFB8-5E8169A1575F}.Ad-Hoc|ARM.Deploy.0 = Release|Any CPU
		{6D9D3D54-4043-49F2-BFB8-5E8169A1575F}.Ad-Hoc|iPhone.ActiveCfg = Release|Any CPU
		{6D9D3D54-4043-49F2-BFB8-5E8169A1575F}.Ad-Hoc|iPhone.Build.0 = Release|Any CPU
		{6D9D3D54-4043-49F2-BFB8-5E8169A1575F}.Ad-Hoc|iPhone.Deploy.0 = Release|Any CPU
		{6D9D3D54-4043-49F2-BFB8-5E8169A1575F}.Ad-Hoc|iPhoneSimulator.ActiveCfg = Release|Any CPU
		{6D9D3D54-4043-49F2-BFB8-5E8169A1575F}.Ad-Hoc|iPhoneSimulator.Build.0 = Release|Any CPU
		{6D9D3D54-4043-49F2-BFB8-5E8169A1575F}.Ad-Hoc|iPhoneSimulator.Deploy.0 = Release|Any CPU
		{6D9D3D54-4043-49F2-BFB8-5E8169A1575F}.Ad-Hoc|x64.ActiveCfg = Release|Any CPU
		{6D9D3D54-4043-49F2-BFB8-5E8169A1575F}.Ad-Hoc|x64.Build.0 = Release|Any CPU
		{6D9D3D54-4043-49F2-BFB8-5E8169A1575F}.Ad-Hoc|x64.Deploy.0 = Release|Any CPU
		{6D9D3D54-4043-49F2-BFB8-5E8169A1575F}.Ad-Hoc|x86.ActiveCfg = Release|Any CPU
		{6D9D3D54-4043-49F2-BFB8-5E8169A1575F}.Ad-Hoc|x86.Build.0 = Release|Any CPU
		{6D9D3D54-4043-49F2-BFB8-5E8169A1575F}.Ad-Hoc|x86.Deploy.0 = Release|Any CPU
		{6D9D3D54-4043-49F2-BFB8-5E8169A1575F}.AppStore|Any CPU.ActiveCfg = Release|Any CPU
		{6D9D3D54-4043-49F2-BFB8-5E8169A1575F}.AppStore|Any CPU.Build.0 = Release|Any CPU
		{6D9D3D54-4043-49F2-BFB8-5E8169A1575F}.AppStore|Any CPU.Deploy.0 = Release|Any CPU
		{6D9D3D54-4043-49F2-BFB8-5E8169A1575F}.AppStore|ARM.ActiveCfg = Release|Any CPU
		{6D9D3D54-4043-49F2-BFB8-5E8169A1575F}.AppStore|ARM.Build.0 = Release|Any CPU
		{6D9D3D54-4043-49F2-BFB8-5E8169A1575F}.AppStore|ARM.Deploy.0 = Release|Any CPU
		{6D9D3D54-4043-49F2-BFB8-5E8169A1575F}.AppStore|iPhone.ActiveCfg = Release|Any CPU
		{6D9D3D54-4043-49F2-BFB8-5E8169A1575F}.AppStore|iPhone.Build.0 = Release|Any CPU
		{6D9D3D54-4043-49F2-BFB8-5E8169A1575F}.AppStore|iPhone.Deploy.0 = Release|Any CPU
		{6D9D3D54-4043-49F2-BFB8-5E8169A1575F}.AppStore|iPhoneSimulator.ActiveCfg = Release|Any CPU
		{6D9D3D54-4043-49F2-BFB8-5E8169A1575F}.AppStore|iPhoneSimulator.Build.0 = Release|Any CPU
		{6D9D3D54-4043-49F2-BFB8-5E8169A1575F}.AppStore|iPhoneSimulator.Deploy.0 = Release|Any CPU
		{6D9D3D54-4043-49F2-BFB8-5E8169A1575F}.AppStore|x64.ActiveCfg = Release|Any CPU
		{6D9D3D54-4043-49F2-BFB8-5E8169A1575F}.AppStore|x64.Build.0 = Release|Any CPU
		{6D9D3D54-4043-49F2-BFB8-5E8169A1575F}.AppStore|x64.Deploy.0 = Release|Any CPU
		{6D9D3D54-4043-49F2-BFB8-5E8169A1575F}.AppStore|x86.ActiveCfg = Release|Any CPU
		{6D9D3D54-4043-49F2-BFB8-5E8169A1575F}.AppStore|x86.Build.0 = Release|Any CPU
		{6D9D3D54-4043-49F2-BFB8-5E8169A1575F}.AppStore|x86.Deploy.0 = Release|Any CPU
		{6D9D3D54-4043-49F2-BFB8-5E8169A1575F}.Debug|Any CPU.ActiveCfg = Debug|Any CPU
		{6D9D3D54-4043-49F2-BFB8-5E8169A1575F}.Debug|Any CPU.Build.0 = Debug|Any CPU
		{6D9D3D54-4043-49F2-BFB8-5E8169A1575F}.Debug|Any CPU.Deploy.0 = Debug|Any CPU
		{6D9D3D54-4043-49F2-BFB8-5E8169A1575F}.Debug|ARM.ActiveCfg = Debug|Any CPU
		{6D9D3D54-4043-49F2-BFB8-5E8169A1575F}.Debug|ARM.Build.0 = Debug|Any CPU
		{6D9D3D54-4043-49F2-BFB8-5E8169A1575F}.Debug|ARM.Deploy.0 = Debug|Any CPU
		{6D9D3D54-4043-49F2-BFB8-5E8169A1575F}.Debug|iPhone.ActiveCfg = Debug|Any CPU
		{6D9D3D54-4043-49F2-BFB8-5E8169A1575F}.Debug|iPhone.Build.0 = Debug|Any CPU
		{6D9D3D54-4043-49F2-BFB8-5E8169A1575F}.Debug|iPhone.Deploy.0 = Debug|Any CPU
		{6D9D3D54-4043-49F2-BFB8-5E8169A1575F}.Debug|iPhoneSimulator.ActiveCfg = Debug|Any CPU
		{6D9D3D54-4043-49F2-BFB8-5E8169A1575F}.Debug|iPhoneSimulator.Build.0 = Debug|Any CPU
		{6D9D3D54-4043-49F2-BFB8-5E8169A1575F}.Debug|iPhoneSimulator.Deploy.0 = Debug|Any CPU
		{6D9D3D54-4043-49F2-BFB8-5E8169A1575F}.Debug|x64.ActiveCfg = Debug|Any CPU
		{6D9D3D54-4043-49F2-BFB8-5E8169A1575F}.Debug|x64.Build.0 = Debug|Any CPU
		{6D9D3D54-4043-49F2-BFB8-5E8169A1575F}.Debug|x64.Deploy.0 = Debug|Any CPU
		{6D9D3D54-4043-49F2-BFB8-5E8169A1575F}.Debug|x86.ActiveCfg = Debug|Any CPU
		{6D9D3D54-4043-49F2-BFB8-5E8169A1575F}.Debug|x86.Build.0 = Debug|Any CPU
		{6D9D3D54-4043-49F2-BFB8-5E8169A1575F}.Debug|x86.Deploy.0 = Debug|Any CPU
		{6D9D3D54-4043-49F2-BFB8-5E8169A1575F}.Release|Any CPU.ActiveCfg = Release|Any CPU
		{6D9D3D54-4043-49F2-BFB8-5E8169A1575F}.Release|Any CPU.Build.0 = Release|Any CPU
		{6D9D3D54-4043-49F2-BFB8-5E8169A1575F}.Release|Any CPU.Deploy.0 = Release|Any CPU
		{6D9D3D54-4043-49F2-BFB8-5E8169A1575F}.Release|ARM.ActiveCfg = Release|Any CPU
		{6D9D3D54-4043-49F2-BFB8-5E8169A1575F}.Release|ARM.Build.0 = Release|Any CPU
		{6D9D3D54-4043-49F2-BFB8-5E8169A1575F}.Release|ARM.Deploy.0 = Release|Any CPU
		{6D9D3D54-4043-49F2-BFB8-5E8169A1575F}.Release|iPhone.ActiveCfg = Release|Any CPU
		{6D9D3D54-4043-49F2-BFB8-5E8169A1575F}.Release|iPhone.Build.0 = Release|Any CPU
		{6D9D3D54-4043-49F2-BFB8-5E8169A1575F}.Release|iPhone.Deploy.0 = Release|Any CPU
		{6D9D3D54-4043-49F2-BFB8-5E8169A1575F}.Release|iPhoneSimulator.ActiveCfg = Release|Any CPU
		{6D9D3D54-4043-49F2-BFB8-5E8169A1575F}.Release|iPhoneSimulator.Build.0 = Release|Any CPU
		{6D9D3D54-4043-49F2-BFB8-5E8169A1575F}.Release|iPhoneSimulator.Deploy.0 = Release|Any CPU
		{6D9D3D54-4043-49F2-BFB8-5E8169A1575F}.Release|x64.ActiveCfg = Release|Any CPU
		{6D9D3D54-4043-49F2-BFB8-5E8169A1575F}.Release|x64.Build.0 = Release|Any CPU
		{6D9D3D54-4043-49F2-BFB8-5E8169A1575F}.Release|x64.Deploy.0 = Release|Any CPU
		{6D9D3D54-4043-49F2-BFB8-5E8169A1575F}.Release|x86.ActiveCfg = Release|Any CPU
		{6D9D3D54-4043-49F2-BFB8-5E8169A1575F}.Release|x86.Build.0 = Release|Any CPU
		{6D9D3D54-4043-49F2-BFB8-5E8169A1575F}.Release|x86.Deploy.0 = Release|Any CPU
		{FD61FEFE-C8B3-4F4F-ACBF-DD8F5E303A4A}.Ad-Hoc|Any CPU.ActiveCfg = Ad-Hoc|iPhone
		{FD61FEFE-C8B3-4F4F-ACBF-DD8F5E303A4A}.Ad-Hoc|ARM.ActiveCfg = Ad-Hoc|iPhone
		{FD61FEFE-C8B3-4F4F-ACBF-DD8F5E303A4A}.Ad-Hoc|iPhone.ActiveCfg = Ad-Hoc|iPhone
		{FD61FEFE-C8B3-4F4F-ACBF-DD8F5E303A4A}.Ad-Hoc|iPhone.Build.0 = Ad-Hoc|iPhone
		{FD61FEFE-C8B3-4F4F-ACBF-DD8F5E303A4A}.Ad-Hoc|iPhoneSimulator.ActiveCfg = Ad-Hoc|iPhoneSimulator
		{FD61FEFE-C8B3-4F4F-ACBF-DD8F5E303A4A}.Ad-Hoc|iPhoneSimulator.Build.0 = Ad-Hoc|iPhoneSimulator
		{FD61FEFE-C8B3-4F4F-ACBF-DD8F5E303A4A}.Ad-Hoc|x64.ActiveCfg = Ad-Hoc|iPhone
		{FD61FEFE-C8B3-4F4F-ACBF-DD8F5E303A4A}.Ad-Hoc|x86.ActiveCfg = Ad-Hoc|iPhone
		{FD61FEFE-C8B3-4F4F-ACBF-DD8F5E303A4A}.AppStore|Any CPU.ActiveCfg = AppStore|iPhone
		{FD61FEFE-C8B3-4F4F-ACBF-DD8F5E303A4A}.AppStore|ARM.ActiveCfg = AppStore|iPhone
		{FD61FEFE-C8B3-4F4F-ACBF-DD8F5E303A4A}.AppStore|iPhone.ActiveCfg = AppStore|iPhone
		{FD61FEFE-C8B3-4F4F-ACBF-DD8F5E303A4A}.AppStore|iPhone.Build.0 = AppStore|iPhone
		{FD61FEFE-C8B3-4F4F-ACBF-DD8F5E303A4A}.AppStore|iPhoneSimulator.ActiveCfg = AppStore|iPhoneSimulator
		{FD61FEFE-C8B3-4F4F-ACBF-DD8F5E303A4A}.AppStore|iPhoneSimulator.Build.0 = AppStore|iPhoneSimulator
		{FD61FEFE-C8B3-4F4F-ACBF-DD8F5E303A4A}.AppStore|x64.ActiveCfg = AppStore|iPhone
		{FD61FEFE-C8B3-4F4F-ACBF-DD8F5E303A4A}.AppStore|x86.ActiveCfg = AppStore|iPhone
		{FD61FEFE-C8B3-4F4F-ACBF-DD8F5E303A4A}.Debug|Any CPU.ActiveCfg = Debug|iPhone
		{FD61FEFE-C8B3-4F4F-ACBF-DD8F5E303A4A}.Debug|ARM.ActiveCfg = Debug|iPhone
		{FD61FEFE-C8B3-4F4F-ACBF-DD8F5E303A4A}.Debug|iPhone.ActiveCfg = Debug|iPhone
		{FD61FEFE-C8B3-4F4F-ACBF-DD8F5E303A4A}.Debug|iPhone.Build.0 = Debug|iPhone
		{FD61FEFE-C8B3-4F4F-ACBF-DD8F5E303A4A}.Debug|iPhoneSimulator.ActiveCfg = Debug|iPhoneSimulator
		{FD61FEFE-C8B3-4F4F-ACBF-DD8F5E303A4A}.Debug|iPhoneSimulator.Build.0 = Debug|iPhoneSimulator
		{FD61FEFE-C8B3-4F4F-ACBF-DD8F5E303A4A}.Debug|x64.ActiveCfg = Debug|iPhone
		{FD61FEFE-C8B3-4F4F-ACBF-DD8F5E303A4A}.Debug|x86.ActiveCfg = Debug|iPhone
		{FD61FEFE-C8B3-4F4F-ACBF-DD8F5E303A4A}.Release|Any CPU.ActiveCfg = Release|iPhone
		{FD61FEFE-C8B3-4F4F-ACBF-DD8F5E303A4A}.Release|ARM.ActiveCfg = Release|iPhone
		{FD61FEFE-C8B3-4F4F-ACBF-DD8F5E303A4A}.Release|iPhone.ActiveCfg = Release|iPhone
		{FD61FEFE-C8B3-4F4F-ACBF-DD8F5E303A4A}.Release|iPhone.Build.0 = Release|iPhone
		{FD61FEFE-C8B3-4F4F-ACBF-DD8F5E303A4A}.Release|iPhoneSimulator.ActiveCfg = Release|iPhoneSimulator
		{FD61FEFE-C8B3-4F4F-ACBF-DD8F5E303A4A}.Release|iPhoneSimulator.Build.0 = Release|iPhoneSimulator
		{FD61FEFE-C8B3-4F4F-ACBF-DD8F5E303A4A}.Release|x64.ActiveCfg = Release|iPhone
		{FD61FEFE-C8B3-4F4F-ACBF-DD8F5E303A4A}.Release|x86.ActiveCfg = Release|iPhone
		{A5C67F81-08A0-4129-B15C-9AF82C1E2AD0}.Ad-Hoc|Any CPU.ActiveCfg = Release|x86
		{A5C67F81-08A0-4129-B15C-9AF82C1E2AD0}.Ad-Hoc|Any CPU.Build.0 = Release|x86
		{A5C67F81-08A0-4129-B15C-9AF82C1E2AD0}.Ad-Hoc|Any CPU.Deploy.0 = Release|x86
		{A5C67F81-08A0-4129-B15C-9AF82C1E2AD0}.Ad-Hoc|ARM.ActiveCfg = Release|ARM
		{A5C67F81-08A0-4129-B15C-9AF82C1E2AD0}.Ad-Hoc|ARM.Build.0 = Release|ARM
		{A5C67F81-08A0-4129-B15C-9AF82C1E2AD0}.Ad-Hoc|ARM.Deploy.0 = Release|ARM
		{A5C67F81-08A0-4129-B15C-9AF82C1E2AD0}.Ad-Hoc|iPhone.ActiveCfg = Release|x86
		{A5C67F81-08A0-4129-B15C-9AF82C1E2AD0}.Ad-Hoc|iPhone.Build.0 = Release|x86
		{A5C67F81-08A0-4129-B15C-9AF82C1E2AD0}.Ad-Hoc|iPhone.Deploy.0 = Release|x86
		{A5C67F81-08A0-4129-B15C-9AF82C1E2AD0}.Ad-Hoc|iPhoneSimulator.ActiveCfg = Release|x86
		{A5C67F81-08A0-4129-B15C-9AF82C1E2AD0}.Ad-Hoc|iPhoneSimulator.Build.0 = Release|x86
		{A5C67F81-08A0-4129-B15C-9AF82C1E2AD0}.Ad-Hoc|iPhoneSimulator.Deploy.0 = Release|x86
		{A5C67F81-08A0-4129-B15C-9AF82C1E2AD0}.Ad-Hoc|x64.ActiveCfg = Release|x64
		{A5C67F81-08A0-4129-B15C-9AF82C1E2AD0}.Ad-Hoc|x64.Build.0 = Release|x64
		{A5C67F81-08A0-4129-B15C-9AF82C1E2AD0}.Ad-Hoc|x64.Deploy.0 = Release|x64
		{A5C67F81-08A0-4129-B15C-9AF82C1E2AD0}.Ad-Hoc|x86.ActiveCfg = Release|x86
		{A5C67F81-08A0-4129-B15C-9AF82C1E2AD0}.Ad-Hoc|x86.Build.0 = Release|x86
		{A5C67F81-08A0-4129-B15C-9AF82C1E2AD0}.Ad-Hoc|x86.Deploy.0 = Release|x86
		{A5C67F81-08A0-4129-B15C-9AF82C1E2AD0}.AppStore|Any CPU.ActiveCfg = Release|x86
		{A5C67F81-08A0-4129-B15C-9AF82C1E2AD0}.AppStore|Any CPU.Build.0 = Release|x86
		{A5C67F81-08A0-4129-B15C-9AF82C1E2AD0}.AppStore|Any CPU.Deploy.0 = Release|x86
		{A5C67F81-08A0-4129-B15C-9AF82C1E2AD0}.AppStore|ARM.ActiveCfg = Release|ARM
		{A5C67F81-08A0-4129-B15C-9AF82C1E2AD0}.AppStore|ARM.Build.0 = Release|ARM
		{A5C67F81-08A0-4129-B15C-9AF82C1E2AD0}.AppStore|ARM.Deploy.0 = Release|ARM
		{A5C67F81-08A0-4129-B15C-9AF82C1E2AD0}.AppStore|iPhone.ActiveCfg = Release|x86
		{A5C67F81-08A0-4129-B15C-9AF82C1E2AD0}.AppStore|iPhone.Build.0 = Release|x86
		{A5C67F81-08A0-4129-B15C-9AF82C1E2AD0}.AppStore|iPhone.Deploy.0 = Release|x86
		{A5C67F81-08A0-4129-B15C-9AF82C1E2AD0}.AppStore|iPhoneSimulator.ActiveCfg = Release|x86
		{A5C67F81-08A0-4129-B15C-9AF82C1E2AD0}.AppStore|iPhoneSimulator.Build.0 = Release|x86
		{A5C67F81-08A0-4129-B15C-9AF82C1E2AD0}.AppStore|iPhoneSimulator.Deploy.0 = Release|x86
		{A5C67F81-08A0-4129-B15C-9AF82C1E2AD0}.AppStore|x64.ActiveCfg = Release|x64
		{A5C67F81-08A0-4129-B15C-9AF82C1E2AD0}.AppStore|x64.Build.0 = Release|x64
		{A5C67F81-08A0-4129-B15C-9AF82C1E2AD0}.AppStore|x64.Deploy.0 = Release|x64
		{A5C67F81-08A0-4129-B15C-9AF82C1E2AD0}.AppStore|x86.ActiveCfg = Release|x86
		{A5C67F81-08A0-4129-B15C-9AF82C1E2AD0}.AppStore|x86.Build.0 = Release|x86
		{A5C67F81-08A0-4129-B15C-9AF82C1E2AD0}.AppStore|x86.Deploy.0 = Release|x86
		{A5C67F81-08A0-4129-B15C-9AF82C1E2AD0}.Debug|Any CPU.ActiveCfg = Debug|x86
		{A5C67F81-08A0-4129-B15C-9AF82C1E2AD0}.Debug|ARM.ActiveCfg = Debug|ARM
		{A5C67F81-08A0-4129-B15C-9AF82C1E2AD0}.Debug|ARM.Build.0 = Debug|ARM
		{A5C67F81-08A0-4129-B15C-9AF82C1E2AD0}.Debug|ARM.Deploy.0 = Debug|ARM
		{A5C67F81-08A0-4129-B15C-9AF82C1E2AD0}.Debug|iPhone.ActiveCfg = Debug|x86
		{A5C67F81-08A0-4129-B15C-9AF82C1E2AD0}.Debug|iPhoneSimulator.ActiveCfg = Debug|x86
		{A5C67F81-08A0-4129-B15C-9AF82C1E2AD0}.Debug|x64.ActiveCfg = Debug|x64
		{A5C67F81-08A0-4129-B15C-9AF82C1E2AD0}.Debug|x64.Build.0 = Debug|x64
		{A5C67F81-08A0-4129-B15C-9AF82C1E2AD0}.Debug|x64.Deploy.0 = Debug|x64
		{A5C67F81-08A0-4129-B15C-9AF82C1E2AD0}.Debug|x86.ActiveCfg = Debug|x86
		{A5C67F81-08A0-4129-B15C-9AF82C1E2AD0}.Debug|x86.Build.0 = Debug|x86
		{A5C67F81-08A0-4129-B15C-9AF82C1E2AD0}.Debug|x86.Deploy.0 = Debug|x86
		{A5C67F81-08A0-4129-B15C-9AF82C1E2AD0}.Release|Any CPU.ActiveCfg = Release|x86
		{A5C67F81-08A0-4129-B15C-9AF82C1E2AD0}.Release|ARM.ActiveCfg = Release|ARM
		{A5C67F81-08A0-4129-B15C-9AF82C1E2AD0}.Release|ARM.Build.0 = Release|ARM
		{A5C67F81-08A0-4129-B15C-9AF82C1E2AD0}.Release|ARM.Deploy.0 = Release|ARM
		{A5C67F81-08A0-4129-B15C-9AF82C1E2AD0}.Release|iPhone.ActiveCfg = Release|x86
		{A5C67F81-08A0-4129-B15C-9AF82C1E2AD0}.Release|iPhoneSimulator.ActiveCfg = Release|x86
		{A5C67F81-08A0-4129-B15C-9AF82C1E2AD0}.Release|x64.ActiveCfg = Release|x64
		{A5C67F81-08A0-4129-B15C-9AF82C1E2AD0}.Release|x64.Build.0 = Release|x64
		{A5C67F81-08A0-4129-B15C-9AF82C1E2AD0}.Release|x64.Deploy.0 = Release|x64
		{A5C67F81-08A0-4129-B15C-9AF82C1E2AD0}.Release|x86.ActiveCfg = Release|x86
		{A5C67F81-08A0-4129-B15C-9AF82C1E2AD0}.Release|x86.Build.0 = Release|x86
		{A5C67F81-08A0-4129-B15C-9AF82C1E2AD0}.Release|x86.Deploy.0 = Release|x86
	EndGlobalSection
	GlobalSection(SolutionProperties) = preSolution
		HideSolutionNode = FALSE
	EndGlobalSection
EndGlobal
